
Microsoft Visual Studio Solution File, Format Version 12.00
# Visual Studio 2012
Project("{FAE04EC0-301F-11D3-BF4B-00C04F79EFBC}") = "JEasyUI", "JEasyUI\JEasyUI.csproj", "{8B2D09F4-C710-4727-B3C2-DE40F4483633}"
EndProject
Project("{FAE04EC0-301F-11D3-BF4B-00C04F79EFBC}") = "JEasyUIMVCApp", "JEasyUIMVCApp\JEasyUIMVCApp.csproj", "{D688C1A0-7B0B-49CD-BECF-839493A1F4C1}"
EndProject
Global
	GlobalSection(SolutionConfigurationPlatforms) = preSolution
		Debug|Any CPU = Debug|Any CPU
		Release|Any CPU = Release|Any CPU
	EndGlobalSection
	GlobalSection(ProjectConfigurationPlatforms) = postSolution
		{8B2D09F4-C710-4727-B3C2-DE40F4483633}.Debug|Any CPU.ActiveCfg = Debug|Any CPU
		{8B2D09F4-C710-4727-B3C2-DE40F4483633}.Debug|Any CPU.Build.0 = Debug|Any CPU
		{8B2D09F4-C710-4727-B3C2-DE40F4483633}.Release|Any CPU.ActiveCfg = Release|Any CPU
		{8B2D09F4-C710-4727-B3C2-DE40F4483633}.Release|Any CPU.Build.0 = Release|Any CPU
		{D688C1A0-7B0B-49CD-BECF-839493A1F4C1}.Debug|Any CPU.ActiveCfg = Debug|Any CPU
		{D688C1A0-7B0B-49CD-BECF-839493A1F4C1}.Debug|Any CPU.Build.0 = Debug|Any CPU
		{D688C1A0-7B0B-49CD-BECF-839493A1F4C1}.Release|Any CPU.ActiveCfg = Release|Any CPU
		{D688C1A0-7B0B-49CD-BECF-839493A1F4C1}.Release|Any CPU.Build.0 = Release|Any CPU
	EndGlobalSection
	GlobalSection(SolutionProperties) = preSolution
		HideSolutionNode = FALSE
	EndGlobalSection
EndGlobal
